
Microsoft Visual Studio Solution File, Format Version 10.00
# Visual Studio 2008
Project("{FAE04EC0-301F-11D3-BF4B-00C04F79EFBC}") = "Eng1", "Eng1\Eng1.csproj", "{7C51BC8D-FC21-44C3-8F2B-DEF73A647CEF}"
EndProject
Project("{54435603-DBB4-11D2-8724-00A0C9A8B90C}") = "Registration", "Registration\Registration.vdproj", "{BACC2046-76F4-417F-816E-486E9CD71D72}"
EndProject
Global
	GlobalSection(SolutionConfigurationPlatforms) = preSolution
		Debug|Any CPU = Debug|Any CPU
		Release|Any CPU = Release|Any CPU
	EndGlobalSection
	GlobalSection(ProjectConfigurationPlatforms) = postSolution
		{7C51BC8D-FC21-44C3-8F2B-DEF73A647CEF}.Debug|Any CPU.ActiveCfg = Debug|Any CPU
		{7C51BC8D-FC21-44C3-8F2B-DEF73A647CEF}.Debug|Any CPU.Build.0 = Debug|Any CPU
		{7C51BC8D-FC21-44C3-8F2B-DEF73A647CEF}.Release|Any CPU.ActiveCfg = Release|Any CPU
		{7C51BC8D-FC21-44C3-8F2B-DEF73A647CEF}.Release|Any CPU.Build.0 = Release|Any CPU
		{BACC2046-76F4-417F-816E-486E9CD71D72}.Debug|Any CPU.ActiveCfg = Debug
		{BACC2046-76F4-417F-816E-486E9CD71D72}.Debug|Any CPU.Build.0 = Debug
		{BACC2046-76F4-417F-816E-486E9CD71D72}.Release|Any CPU.ActiveCfg = Release
		{BACC2046-76F4-417F-816E-486E9CD71D72}.Release|Any CPU.Build.0 = Release
	EndGlobalSection
	GlobalSection(SolutionProperties) = preSolution
		HideSolutionNode = FALSE
	EndGlobalSection
EndGlobal
